
Microsoft Visual Studio Solution File, Format Version 12.00
# Visual Studio Version 17
VisualStudioVersion = 17.0.32112.339
MinimumVisualStudioVersion = 10.0.40219.1
Project("{9A19103F-16F7-4668-BE54-9A1E7A4F7556}") = "Service", "Service\Service.csproj", "{F3F39A6E-5A13-43F6-9951-A5BDB1F872DE}"
EndProject
Project("{9A19103F-16F7-4668-BE54-9A1E7A4F7556}") = "Tests", "Tests\Tests.csproj", "{33C15679-BF09-432F-B30F-ED37FFA7EAAA}"
EndProject
Global
	GlobalSection(SolutionConfigurationPlatforms) = preSolution
		Debug|Any CPU = Debug|Any CPU
		Release|Any CPU = Release|Any CPU
	EndGlobalSection
	GlobalSection(ProjectConfigurationPlatforms) = postSolution
		{F3F39A6E-5A13-43F6-9951-A5BDB1F872DE}.Debug|Any CPU.ActiveCfg = Debug|Any CPU
		{F3F39A6E-5A13-43F6-9951-A5BDB1F872DE}.Debug|Any CPU.Build.0 = Debug|Any CPU
		{F3F39A6E-5A13-43F6-9951-A5BDB1F872DE}.Release|Any CPU.ActiveCfg = Release|Any CPU
		{F3F39A6E-5A13-43F6-9951-A5BDB1F872DE}.Release|Any CPU.Build.0 = Release|Any CPU
		{33C15679-BF09-432F-B30F-ED37FFA7EAAA}.Debug|Any CPU.ActiveCfg = Debug|Any CPU
		{33C15679-BF09-432F-B30F-ED37FFA7EAAA}.Debug|Any CPU.Build.0 = Debug|Any CPU
		{33C15679-BF09-432F-B30F-ED37FFA7EAAA}.Release|Any CPU.ActiveCfg = Release|Any CPU
		{33C15679-BF09-432F-B30F-ED37FFA7EAAA}.Release|Any CPU.Build.0 = Release|Any CPU
	EndGlobalSection
	GlobalSection(SolutionProperties) = preSolution
		HideSolutionNode = FALSE
	EndGlobalSection
	GlobalSection(ExtensibilityGlobals) = postSolution
		SolutionGuid = {6AB08F28-0C5B-4F5D-90C2-D4A6AFF5178F}
	EndGlobalSection
EndGlobal
